
Microsoft Visual Studio Solution File, Format Version 12.00
# Visual Studio Version 17
VisualStudioVersion = 17.6.33829.357
MinimumVisualStudioVersion = 10.0.40219.1
Project("{FAE04EC0-301F-11D3-BF4B-00C04F79EFBC}") = "ProductManager", "ProductManager\ProductManager.csproj", "{F439DCB9-1B03-45C7-AE68-83099B8C698A}"
EndProject
Project("{FAE04EC0-301F-11D3-BF4B-00C04F79EFBC}") = "PublicApi", "PublicApi\PublicApi.csproj", "{5E64D873-D941-45BE-8FB4-5E358A0F8439}"
EndProject
Global
	GlobalSection(SolutionConfigurationPlatforms) = preSolution
		Debug|Any CPU = Debug|Any CPU
		Release|Any CPU = Release|Any CPU
	EndGlobalSection
	GlobalSection(ProjectConfigurationPlatforms) = postSolution
		{F439DCB9-1B03-45C7-AE68-83099B8C698A}.Debug|Any CPU.ActiveCfg = Debug|Any CPU
		{F439DCB9-1B03-45C7-AE68-83099B8C698A}.Debug|Any CPU.Build.0 = Debug|Any CPU
		{F439DCB9-1B03-45C7-AE68-83099B8C698A}.Release|Any CPU.ActiveCfg = Release|Any CPU
		{F439DCB9-1B03-45C7-AE68-83099B8C698A}.Release|Any CPU.Build.0 = Release|Any CPU
		{5E64D873-D941-45BE-8FB4-5E358A0F8439}.Debug|Any CPU.ActiveCfg = Debug|Any CPU
		{5E64D873-D941-45BE-8FB4-5E358A0F8439}.Debug|Any CPU.Build.0 = Debug|Any CPU
		{5E64D873-D941-45BE-8FB4-5E358A0F8439}.Release|Any CPU.ActiveCfg = Release|Any CPU
		{5E64D873-D941-45BE-8FB4-5E358A0F8439}.Release|Any CPU.Build.0 = Release|Any CPU
	EndGlobalSection
	GlobalSection(SolutionProperties) = preSolution
		HideSolutionNode = FALSE
	EndGlobalSection
	GlobalSection(ExtensibilityGlobals) = postSolution
		SolutionGuid = {73E42886-F3D0-4355-BE34-D2DF460F5AE1}
	EndGlobalSection
EndGlobal
